
Microsoft Visual Studio Solution File, Format Version 12.00
# Visual Studio Version 16
VisualStudioVersion = 16.0.31729.503
MinimumVisualStudioVersion = 10.0.40219.1
Project("{FAE04EC0-301F-11D3-BF4B-00C04F79EFBC}") = "ForteGroup", "ForteGroup\ForteGroup.csproj", "{3374CD61-EBBF-4DB3-998E-A10EAEE177B4}"
EndProject
Global
	GlobalSection(SolutionConfigurationPlatforms) = preSolution
		Debug|Any CPU = Debug|Any CPU
		Release|Any CPU = Release|Any CPU
	EndGlobalSection
	GlobalSection(ProjectConfigurationPlatforms) = postSolution
		{3374CD61-EBBF-4DB3-998E-A10EAEE177B4}.Debug|Any CPU.ActiveCfg = Debug|Any CPU
		{3374CD61-EBBF-4DB3-998E-A10EAEE177B4}.Debug|Any CPU.Build.0 = Debug|Any CPU
		{3374CD61-EBBF-4DB3-998E-A10EAEE177B4}.Release|Any CPU.ActiveCfg = Release|Any CPU
		{3374CD61-EBBF-4DB3-998E-A10EAEE177B4}.Release|Any CPU.Build.0 = Release|Any CPU
	EndGlobalSection
	GlobalSection(SolutionProperties) = preSolution
		HideSolutionNode = FALSE
	EndGlobalSection
	GlobalSection(ExtensibilityGlobals) = postSolution
		SolutionGuid = {334B8F8A-7574-4822-BFBB-AFED45362A81}
	EndGlobalSection
EndGlobal
